
Microsoft Visual Studio Solution File, Format Version 12.00
# Visual Studio Version 17
VisualStudioVersion = 17.8.34004.107
MinimumVisualStudioVersion = 10.0.40219.1
Project("{9A19103F-16F7-4668-BE54-9A1E7A4F7556}") = "HelloWorld", "HelloWorld\HelloWorld.csproj", "{0F01DAAC-659D-462C-B96B-F8ADB2181259}"
EndProject
Project("{9A19103F-16F7-4668-BE54-9A1E7A4F7556}") = "StudentManager", "StudentManager\StudentManager.csproj", "{E183E0AC-8420-4FC1-8D03-92DCECA5C0B8}"
EndProject
Global
	GlobalSection(SolutionConfigurationPlatforms) = preSolution
		Debug|Any CPU = Debug|Any CPU
		Release|Any CPU = Release|Any CPU
	EndGlobalSection
	GlobalSection(ProjectConfigurationPlatforms) = postSolution
		{0F01DAAC-659D-462C-B96B-F8ADB2181259}.Debug|Any CPU.ActiveCfg = Debug|Any CPU
		{0F01DAAC-659D-462C-B96B-F8ADB2181259}.Debug|Any CPU.Build.0 = Debug|Any CPU
		{0F01DAAC-659D-462C-B96B-F8ADB2181259}.Release|Any CPU.ActiveCfg = Release|Any CPU
		{0F01DAAC-659D-462C-B96B-F8ADB2181259}.Release|Any CPU.Build.0 = Release|Any CPU
		{E183E0AC-8420-4FC1-8D03-92DCECA5C0B8}.Debug|Any CPU.ActiveCfg = Debug|Any CPU
		{E183E0AC-8420-4FC1-8D03-92DCECA5C0B8}.Debug|Any CPU.Build.0 = Debug|Any CPU
		{E183E0AC-8420-4FC1-8D03-92DCECA5C0B8}.Release|Any CPU.ActiveCfg = Release|Any CPU
		{E183E0AC-8420-4FC1-8D03-92DCECA5C0B8}.Release|Any CPU.Build.0 = Release|Any CPU
	EndGlobalSection
	GlobalSection(SolutionProperties) = preSolution
		HideSolutionNode = FALSE
	EndGlobalSection
	GlobalSection(ExtensibilityGlobals) = postSolution
		SolutionGuid = {A2C8C66C-9292-4907-8830-376D359AC1EC}
	EndGlobalSection
EndGlobal
