
Microsoft Visual Studio Solution File, Format Version 12.00
# Visual Studio Version 17
VisualStudioVersion = 17.6.33801.468
MinimumVisualStudioVersion = 10.0.40219.1
Project("{9A19103F-16F7-4668-BE54-9A1E7A4F7556}") = "FirstLambda", "FirstLambda\FirstLambda.csproj", "{092E7444-2E75-4550-8E16-2441B6E0855E}"
EndProject
Global
	GlobalSection(SolutionConfigurationPlatforms) = preSolution
		Debug|Any CPU = Debug|Any CPU
		Release|Any CPU = Release|Any CPU
	EndGlobalSection
	GlobalSection(ProjectConfigurationPlatforms) = postSolution
		{092E7444-2E75-4550-8E16-2441B6E0855E}.Debug|Any CPU.ActiveCfg = Debug|Any CPU
		{092E7444-2E75-4550-8E16-2441B6E0855E}.Debug|Any CPU.Build.0 = Debug|Any CPU
		{092E7444-2E75-4550-8E16-2441B6E0855E}.Release|Any CPU.ActiveCfg = Release|Any CPU
		{092E7444-2E75-4550-8E16-2441B6E0855E}.Release|Any CPU.Build.0 = Release|Any CPU
	EndGlobalSection
	GlobalSection(SolutionProperties) = preSolution
		HideSolutionNode = FALSE
	EndGlobalSection
	GlobalSection(ExtensibilityGlobals) = postSolution
		SolutionGuid = {D7303677-20D2-4E42-BEBC-5BB33E0368FE}
	EndGlobalSection
EndGlobal
