
Microsoft Visual Studio Solution File, Format Version 12.00
# Visual Studio Version 17
VisualStudioVersion = 17.6.33815.320
MinimumVisualStudioVersion = 10.0.40219.1
Project("{FAE04EC0-301F-11D3-BF4B-00C04F79EFBC}") = "DynamoDB.Demo", "DynamoDB.Demo\DynamoDB.Demo.csproj", "{37B2627A-AD42-4BE0-94F0-3F525A82C3C1}"
EndProject
Global
	GlobalSection(SolutionConfigurationPlatforms) = preSolution
		Debug|Any CPU = Debug|Any CPU
		Release|Any CPU = Release|Any CPU
	EndGlobalSection
	GlobalSection(ProjectConfigurationPlatforms) = postSolution
		{37B2627A-AD42-4BE0-94F0-3F525A82C3C1}.Debug|Any CPU.ActiveCfg = Debug|Any CPU
		{37B2627A-AD42-4BE0-94F0-3F525A82C3C1}.Debug|Any CPU.Build.0 = Debug|Any CPU
		{37B2627A-AD42-4BE0-94F0-3F525A82C3C1}.Release|Any CPU.ActiveCfg = Release|Any CPU
		{37B2627A-AD42-4BE0-94F0-3F525A82C3C1}.Release|Any CPU.Build.0 = Release|Any CPU
	EndGlobalSection
	GlobalSection(SolutionProperties) = preSolution
		HideSolutionNode = FALSE
	EndGlobalSection
	GlobalSection(ExtensibilityGlobals) = postSolution
		SolutionGuid = {D9C2E291-6FCE-4176-A514-1AD47ADD0533}
	EndGlobalSection
EndGlobal
