
Microsoft Visual Studio Solution File, Format Version 12.00
# Visual Studio Version 17
VisualStudioVersion = 17.8.34330.188
MinimumVisualStudioVersion = 10.0.40219.1
Project("{9A19103F-16F7-4668-BE54-9A1E7A4F7556}") = "HelloWorld", "HelloWorld\HelloWorld.csproj", "{8C6301C1-1E3A-4FE9-AFB5-533C10FB22E7}"
EndProject
Project("{9A19103F-16F7-4668-BE54-9A1E7A4F7556}") = "TokenGeneration", "TokenGeneration\TokenGeneration.csproj", "{F74F9364-C2A6-470B-87FA-E735E9B4E348}"
EndProject
Project("{9A19103F-16F7-4668-BE54-9A1E7A4F7556}") = "LambdaAuth", "LambdaAuth\LambdaAuth.csproj", "{B2B54932-4DCA-4B18-8318-61AFED47ED7D}"
EndProject
Global
	GlobalSection(SolutionConfigurationPlatforms) = preSolution
		Debug|Any CPU = Debug|Any CPU
		Release|Any CPU = Release|Any CPU
	EndGlobalSection
	GlobalSection(ProjectConfigurationPlatforms) = postSolution
		{8C6301C1-1E3A-4FE9-AFB5-533C10FB22E7}.Debug|Any CPU.ActiveCfg = Debug|Any CPU
		{8C6301C1-1E3A-4FE9-AFB5-533C10FB22E7}.Debug|Any CPU.Build.0 = Debug|Any CPU
		{8C6301C1-1E3A-4FE9-AFB5-533C10FB22E7}.Release|Any CPU.ActiveCfg = Release|Any CPU
		{8C6301C1-1E3A-4FE9-AFB5-533C10FB22E7}.Release|Any CPU.Build.0 = Release|Any CPU
		{F74F9364-C2A6-470B-87FA-E735E9B4E348}.Debug|Any CPU.ActiveCfg = Debug|Any CPU
		{F74F9364-C2A6-470B-87FA-E735E9B4E348}.Debug|Any CPU.Build.0 = Debug|Any CPU
		{F74F9364-C2A6-470B-87FA-E735E9B4E348}.Release|Any CPU.ActiveCfg = Release|Any CPU
		{F74F9364-C2A6-470B-87FA-E735E9B4E348}.Release|Any CPU.Build.0 = Release|Any CPU
		{B2B54932-4DCA-4B18-8318-61AFED47ED7D}.Debug|Any CPU.ActiveCfg = Debug|Any CPU
		{B2B54932-4DCA-4B18-8318-61AFED47ED7D}.Debug|Any CPU.Build.0 = Debug|Any CPU
		{B2B54932-4DCA-4B18-8318-61AFED47ED7D}.Release|Any CPU.ActiveCfg = Release|Any CPU
		{B2B54932-4DCA-4B18-8318-61AFED47ED7D}.Release|Any CPU.Build.0 = Release|Any CPU
	EndGlobalSection
	GlobalSection(SolutionProperties) = preSolution
		HideSolutionNode = FALSE
	EndGlobalSection
	GlobalSection(ExtensibilityGlobals) = postSolution
		SolutionGuid = {38FFD4FE-62C6-4799-AF52-9584BD64AB5B}
	EndGlobalSection
EndGlobal
